// !$*UTF8*$!
{
	archiveVersion = 1;
	classes = {
	};
	objectVersion = 46;
	objects = {

/* Begin PBXBuildFile section */
		7ECEAEA51E6B6B900025729E /* AppDelegate.swift in Sources */ = {isa = PBXBuildFile; fileRef = 7ECEAEA41E6B6B900025729E /* AppDelegate.swift */; };
		7ECEAEAA1E6B6B900025729E /* Main.storyboard in Resources */ = {isa = PBXBuildFile; fileRef = 7ECEAEA81E6B6B900025729E /* Main.storyboard */; };
		7ECEAEAC1E6B6B900025729E /* Assets.xcassets in Resources */ = {isa = PBXBuildFile; fileRef = 7ECEAEAB1E6B6B900025729E /* Assets.xcassets */; };
		7ECEAEAF1E6B6B900025729E /* LaunchScreen.storyboard in Resources */ = {isa = PBXBuildFile; fileRef = 7ECEAEAD1E6B6B900025729E /* LaunchScreen.storyboard */; };
/* End PBXBuildFile section */

/* Begin PBXFileReference section */
		7ECEAEA11E6B6B900025729E /* catch.me.app */ = {isa = PBXFileReference; explicitFileType = wrapper.application; includeInIndex = 0; path = catch.me.app; sourceTree = BUILT_PRODUCTS_DIR; };
		7ECEAEA41E6B6B900025729E /* AppDelegate.swift */ = {isa = PBXFileReference; lastKnownFileType = sourcecode.swift; path = AppDelegate.swift; sourceTree = "<group>"; };
		7ECEAEA91E6B6B900025729E /* Base */ = {isa = PBXFileReference; lastKnownFileType = file.storyboard; name = Base; path = Base.lproj/Main.storyboard; sourceTree = "<group>"; };
		7ECEAEAB1E6B6B900025729E /* Assets.xcassets */ = {isa = PBXFileReference; lastKnownFileType = folder.assetcatalog; path = Assets.xcassets; sourceTree = "<group>"; };
		7ECEAEAE1E6B6B900025729E /* Base */ = {isa = PBXFileReference; lastKnownFileType = file.storyboard; name = Base; path = Base.lproj/LaunchScreen.storyboard; sourceTree = "<group>"; };
		7ECEAEB01E6B6B900025729E /* Info.plist */ = {isa = PBXFileReference; lastKnownFileType = text.plist.xml; path = Info.plist; sourceTree = "<group>"; };
/* End PBXFileReference section */

/* Begin PBXFrameworksBuildPhase section */
		7ECEAE9E1E6B6B900025729E /* Frameworks */ = {
			isa = PBXFrameworksBuildPhase;
			buildActionMask = 2147483647;
			files = (
			);
			runOnlyForDeploymentPostprocessing = 0;
		};
/* End PBXFrameworksBuildPhase section */

/* Begin PBXGroup section */
		7ECEAE981E6B6B900025729E = {
			isa = PBXGroup;
			children = (
				7ECEAEA31E6B6B900025729E /* catch.me */,
				7ECEAEA21E6B6B900025729E /* Products */,
			);
			sourceTree = "<group>";
		};
		7ECEAEA21E6B6B900025729E /* Products */ = {
			isa = PBXGroup;
			children = (
				7ECEAEA11E6B6B900025729E /* catch.me.app */,
			);
			name = Products;
			sourceTree = "<group>";
		};
		7ECEAEA31E6B6B900025729E /* catch.me */ = {
			isa = PBXGroup;
			children = (
				7ECEAEA41E6B6B900025729E /* AppDelegate.swift */,
				7ECEAEA81E6B6B900025729E /* Main.storyboard */,
				7ECEAEAB1E6B6B900025729E /* Assets.xcassets */,
				7ECEAEAD1E6B6B900025729E /* LaunchScreen.storyboard */,
				7ECEAEB01E6B6B900025729E /* Info.plist */,
			);
			path = catch.me;
			sourceTree = "<group>";
		};
/* End PBXGroup section */

/* Begin PBXNativeTarget section */
		7ECEAEA01E6B6B900025729E /* catch.me */ = {
			isa = PBXNativeTarget;
			buildConfigurationList = 7ECEAEB31E6B6B900025729E /* Build configuration list for PBXNativeTarget "catch.me" */;
			buildPhases = (
				7ECEAE9D1E6B6B900025729E /* Sources */,
				7ECEAE9E1E6B6B900025729E /* Frameworks */,
				7ECEAE9F1E6B6B900025729E /* Resources */,
			);
			buildRules = (
			);
			dependencies = (
			);
			name = catch.me;
			productName = catch.me;
			productReference = 7ECEAEA11E6B6B900025729E /* catch.me.app */;
			productType = "com.apple.product-type.application";
		};
/* End PBXNativeTarget section */

/* Begin PBXProject section */
		7ECEAE991E6B6B900025729E /* Project object */ = {
			isa = PBXProject;
			attributes = {
				LastSwiftUpdateCheck = 0800;
				LastUpgradeCheck = 0800;
				ORGANIZATIONNAME = Blizzard;
				TargetAttributes = {
					7ECEAEA01E6B6B900025729E = {
						CreatedOnToolsVersion = 8.0;
						DevelopmentTeam = Z8KTXY72H7;
						ProvisioningStyle = Automatic;
					};
				};
			};
			buildConfigurationList = 7ECEAE9C1E6B6B900025729E /* Build configuration list for PBXProject "catch.me" */;
			compatibilityVersion = "Xcode 3.2";
			developmentRegion = English;
			hasScannedForEncodings = 0;
			knownRegions = (
				en,
				Base,
			);
			mainGroup = 7ECEAE981E6B6B900025729E;
			productRefGroup = 7ECEAEA21E6B6B900025729E /* Products */;
			projectDirPath = "";
			projectRoot = "";
			targets = (
				7ECEAEA01E6B6B900025729E /* catch.me */,
			);
		};
/* End PBXProject section */

/* Begin PBXResourcesBuildPhase section */
		7ECEAE9F1E6B6B900025729E /* Resources */ = {
			isa = PBXResourcesBuildPhase;
			buildActionMask = 2147483647;
			files = (
				7ECEAEAF1E6B6B900025729E /* LaunchScreen.storyboard in Resources */,
				7ECEAEAC1E6B6B900025729E /* Assets.xcassets in Resources */,
				7ECEAEAA1E6B6B900025729E /* Main.storyboard in Resources */,
			);
			runOnlyForDeploymentPostprocessing = 0;
		};
/* End PBXResourcesBuildPhase section */

/* Begin PBXSourcesBuildPhase section */
		7ECEAE9D1E6B6B900025729E /* Sources */ = {
			isa = PBXSourcesBuildPhase;
			buildActionMask = 2147483647;
			files = (
				7ECEAEA51E6B6B900025729E /* AppDelegate.swift in Sources */,
			);
			runOnlyForDeploymentPostprocessing = 0;
		};
/* End PBXSourcesBuildPhase section */

/* Begin PBXVariantGroup section */
		7ECEAEA81E6B6B900025729E /* Main.storyboard */ = {
			isa = PBXVariantGroup;
			children = (
				7ECEAEA91E6B6B900025729E /* Base */,
			);
			name = Main.storyboard;
			sourceTree = "<group>";
		};
		7ECEAEAD1E6B6B900025729E /* LaunchScreen.storyboard */ = {
			isa = PBXVariantGroup;
			children = (
				7ECEAEAE1E6B6B900025729E /* Base */,
			);
			name = LaunchScreen.storyboard;
			sourceTree = "<group>";
		};
/* End PBXVariantGroup section */

/* Begin XCBuildConfiguration section */
		7ECEAEB11E6B6B900025729E /* Debug */ = {
			isa = XCBuildConfiguration;
			buildSettings = {
				ALWAYS_SEARCH_USER_PATHS = NO;
				CLANG_ANALYZER_NONNULL = YES;
				CLANG_CXX_LANGUAGE_STANDARD = "gnu++0x";
				CLANG_CXX_LIBRARY = "libc++";
				CLANG_ENABLE_MODULES = YES;
				CLANG_ENABLE_OBJC_ARC = YES;
				CLANG_WARN_BOOL_CONVERSION = YES;
				CLANG_WARN_CONSTANT_CONVERSION = YES;
				CLANG_WARN_DIRECT_OBJC_ISA_USAGE = YES_ERROR;
				CLANG_WARN_DOCUMENTATION_COMMENTS = YES;
				CLANG_WARN_EMPTY_BODY = YES;
				CLANG_WARN_ENUM_CONVERSION = YES;
				CLANG_WARN_INFINITE_RECURSION = YES;
				CLANG_WARN_INT_CONVERSION = YES;
				CLANG_WARN_OBJC_ROOT_CLASS = YES_ERROR;
				CLANG_WARN_SUSPICIOUS_MOVES = YES;
				CLANG_WARN_UNREACHABLE_CODE = YES;
				CLANG_WARN__DUPLICATE_METHOD_MATCH = YES;
				"CODE_SIGN_IDENTITY[sdk=iphoneos*]" = "iPhone Developer";
				COPY_PHASE_STRIP = NO;
				DEBUG_INFORMATION_FORMAT = dwarf;
				ENABLE_STRICT_OBJC_MSGSEND = YES;
				ENABLE_TESTABILITY = YES;
				GCC_C_LANGUAGE_STANDARD = gnu99;
				GCC_DYNAMIC_NO_PIC = NO;
				GCC_NO_COMMON_BLOCKS = YES;
				GCC_OPTIMIZATION_LEVEL = 0;
				GCC_PREPROCESSOR_DEFINITIONS = (
					"DEBUG=1",
					"$(inherited)",
				);
				GCC_WARN_64_TO_32_BIT_CONVERSION = YES;
				GCC_WARN_ABOUT_RETURN_TYPE = YES_ERROR;
				GCC_WARN_UNDECLARED_SELECTOR = YES;
				GCC_WARN_UNINITIALIZED_AUTOS = YES_AGGRESSIVE;
				GCC_WARN_UNUSED_FUNCTION = YES;
				GCC_WARN_UNUSED_VARIABLE = YES;
				IPHONEOS_DEPLOYMENT_TARGET = 10.2;
				MTL_ENABLE_DEBUG_INFO = YES;
				ONLY_ACTIVE_ARCH = YES;
				SDKROOT = iphoneos;
				SWIFT_ACTIVE_COMPILATION_CONDITIONS = DEBUG;
				SWIFT_OPTIMIZATION_LEVEL = "-Onone";
				TARGETED_DEVICE_FAMILY = "1,2";
			};
			name = Debug;
		};
		7ECEAEB21E6B6B900025729E /* Release */ = {
			isa = XCBuildConfiguration;
			buildSettings = {
				ALWAYS_SEARCH_USER_PATHS = NO;
				CLANG_ANALYZER_NONNULL = YES;
				CLANG_CXX_LANGUAGE_STANDARD = "gnu++0x";
				CLANG_CXX_LIBRARY = "libc++";
				CLANG_ENABLE_MODULES = YES;
				CLANG_ENABLE_OBJC_ARC = YES;
				CLANG_WARN_BOOL_CONVERSION = YES;
				CLANG_WARN_CONSTANT_CONVERSION = YES;
				CLANG_WARN_DIRECT_OBJC_ISA_USAGE = YES_ERROR;
				CLANG_WARN_DOCUMENTATION_COMMENTS = YES;
				CLANG_WARN_EMPTY_BODY = YES;
				CLANG_WARN_ENUM_CONVERSION = YES;
				CLANG_WARN_INFINITE_RECURSION = YES;
				CLANG_WARN_INT_CONVERSION = YES;
				CLANG_WARN_OBJC_ROOT_CLASS = YES_ERROR;
				CLANG_WARN_SUSPICIOUS_MOVES = YES;
				CLANG_WARN_UNREACHABLE_CODE = YES;
				CLANG_WARN__DUPLICATE_METHOD_MATCH = YES;
				"CODE_SIGN_IDENTITY[sdk=iphoneos*]" = "iPhone Developer";
				COPY_PHASE_STRIP = NO;
				DEBUG_INFORMATION_FORMAT = "dwarf-with-dsym";
				ENABLE_NS_ASSERTIONS = NO;
				ENABLE_STRICT_OBJC_MSGSEND = YES;
				GCC_C_LANGUAGE_STANDARD = gnu99;
				GCC_NO_COMMON_BLOCKS = YES;
				GCC_WARN_64_TO_32_BIT_CONVERSION = YES;
				GCC_WARN_ABOUT_RETURN_TYPE = YES_ERROR;
				GCC_WARN_UNDECLARED_SELECTOR = YES;
				GCC_WARN_UNINITIALIZED_AUTOS = YES_AGGRESSIVE;
				GCC_WARN_UNUSED_FUNCTION = YES;
				GCC_WARN_UNUSED_VARIABLE = YES;
				IPHONEOS_DEPLOYMENT_TARGET = 10.2;
				MTL_ENABLE_DEBUG_INFO = NO;
				SDKROOT = iphoneos;
				SWIFT_OPTIMIZATION_LEVEL = "-Owholemodule";
				TARGETED_DEVICE_FAMILY = "1,2";
				VALIDATE_PRODUCT = YES;
			};
			name = Release;
		};
		7ECEAEB41E6B6B900025729E /* Debug */ = {
			isa = XCBuildConfiguration;
			buildSettings = {
				ASSETCATALOG_COMPILER_APPICON_NAME = AppIcon;
				DEVELOPMENT_TEAM = Z8KTXY72H7;
				INFOPLIST_FILE = catch.me/Info.plist;
				LD_RUNPATH_SEARCH_PATHS = "$(inherited) @executable_path/Frameworks";
				PRODUCT_BUNDLE_IDENTIFIER = "com.blizzard.catch-me";
				PRODUCT_NAME = "$(TARGET_NAME)";
				SWIFT_VERSION = 3.0;
			};
			name = Debug;
		};
		7ECEAEB51E6B6B900025729E /* Release */ = {
			isa = XCBuildConfiguration;
			buildSettings = {
				ASSETCATALOG_COMPILER_APPICON_NAME = AppIcon;
				DEVELOPMENT_TEAM = Z8KTXY72H7;
				INFOPLIST_FILE = catch.me/Info.plist;
				LD_RUNPATH_SEARCH_PATHS = "$(inherited) @executable_path/Frameworks";
				PRODUCT_BUNDLE_IDENTIFIER = "com.blizzard.catch-me";
				PRODUCT_NAME = "$(TARGET_NAME)";
				SWIFT_VERSION = 3.0;
			};
			name = Release;
		};
/* End XCBuildConfiguration section */

/* Begin XCConfigurationList section */
		7ECEAE9C1E6B6B900025729E /* Build configuration list for PBXProject "catch.me" */ = {
			isa = XCConfigurationList;
			buildConfigurations = (
				7ECEAEB11E6B6B900025729E /* Debug */,
				7ECEAEB21E6B6B900025729E /* Release */,
			);
			defaultConfigurationIsVisible = 0;
			defaultConfigurationName = Release;
		};
		7ECEAEB31E6B6B900025729E /* Build configuration list for PBXNativeTarget "catch.me" */ = {
			isa = XCConfigurationList;
			buildConfigurations = (
				7ECEAEB41E6B6B900025729E /* Debug */,
				7ECEAEB51E6B6B900025729E /* Release */,
			);
			defaultConfigurationIsVisible = 0;
			defaultConfigurationName = Release;
		};
/* End XCConfigurationList section */
	};
	rootObject = 7ECEAE991E6B6B900025729E /* Project object */;
}
